{
  "format": 1,
  "packages": [
    {
      "commit": "1c4714bad445fe786dd9874943417feddb3461bb",
      "dependencies": {"liboqs": "pb34994bf01670ac3"},
      "id": "p1b5dd8d89e3ab867",
      "name": "Oqs",
      "ref": "master",
      "url": "https://github.com/ziranlang/oqs.git"
    },
    {
      "commit": "17426a74fc25845325d7ec2f3166003089b812e8",
      "dependencies": {"raylib": "p5a77c9c35110e925"},
      "id": "p3c6f1a308ddb5a31",
      "name": "kryon",
      "ref": "master",
      "url": "https://github.com/kryonlabs/kryon.git"
    },
    {
      "commit": "040c41e9c1c772e553e61d51b08b37f332b06488",
      "dependencies": {"sqlite3": "pbeb32cf8d2e03b02"},
      "id": "p450e8db63484350c",
      "name": "SQLite",
      "ref": "master",
      "url": "https://github.com/ziranlang/sqlite.git"
    },
    {
      "commit": "fafa2cea97d0cb379d832086ba45a989fa6f9c8e",
      "dependencies": {},
      "id": "p5a77c9c35110e925",
      "name": "raylib",
      "ref": "fafa2cea97d0cb379d832086ba45a989fa6f9c8e",
      "source": true,
      "url": "https://github.com/raysan5/raylib.git"
    },
    {
      "commit": "86c366c9e183cd152683d24cac6a2603cad64ab9",
      "dependencies": {"kryon": "p3c6f1a308ddb5a31"},
      "id": "padff2d5df1fdb5ee",
      "name": "Kss",
      "ref": "master",
      "url": "https://github.com/kryonlabs/kss.git"
    },
    {
      "commit": "e6b9e783747536f34700aab4bd10718c2fecab3f",
      "dependencies": {},
      "id": "pb34994bf01670ac3",
      "name": "liboqs",
      "ref": "main",
      "source": true,
      "url": "https://github.com/open-quantum-safe/liboqs.git"
    },
    {
      "commit": "b09c88c14082339b66c7b7158d609a771e64ca69",
      "dependencies": {},
      "id": "pbeb32cf8d2e03b02",
      "name": "sqlite3",
      "ref": "version-3.53.4",
      "source": true,
      "url": "https://github.com/sqlite/sqlite.git"
    },
    {
      "commit": "9490329ca73baf6a00ade5e037c706631d90b26e",
      "dependencies": {"oqs": "p1b5dd8d89e3ab867"},
      "id": "pf6b43abf57c5519f",
      "name": "DaochiClient",
      "ref": "master",
      "url": "https://github.com/ziranlang/daochi-client.git"
    }
  ],
  "root": {
    "dependencies": {"daochi_client": "pf6b43abf57c5519f", "kryon": "p3c6f1a308ddb5a31", "kss": "padff2d5df1fdb5ee", "sqlite": "p450e8db63484350c"},
    "name": "uku"
  },
  "toolchain": {
    "commit": "659a09ef2e94d53a2e520957a19c30a2d9f96f95",
    "ref": "master",
    "url": "https://github.com/ziranlang/ziran.git"
  }
}
