{
  "format": 1,
  "packages": [
    {
      "commit": "fafa2cea97d0cb379d832086ba45a989fa6f9c8e",
      "dependencies": {},
      "id": "p5a77c9c35110e925",
      "name": "raylib",
      "ref": "fafa2cea97d0cb379d832086ba45a989fa6f9c8e",
      "source": true,
      "url": "https://github.com/raysan5/raylib.git"
    },
    {
      "commit": "bdbe65f3485d79a177a208e55b38db58a0a965cb",
      "dependencies": {},
      "id": "p72146cc87fc1bbd6",
      "name": "SQLite",
      "ref": "master",
      "url": "https://github.com/ziranlang/sqlite.git"
    },
    {
      "commit": "a54be452d87f8a9bc44fe2a0e3767b99e66b6cf5",
      "dependencies": {"raylib": "p5a77c9c35110e925"},
      "id": "pf59570b542b63322",
      "name": "Kryon",
      "ref": "master",
      "url": "https://github.com/kryonlabs/kryon.git"
    }
  ],
  "root": {
    "dependencies": {"Kryon": "pf59570b542b63322", "sqlite": "p72146cc87fc1bbd6"},
    "name": "Uku"
  },
  "toolchain": {
    "commit": "d4489a3e09de5769256eca4994382f25208e99d8",
    "ref": "master",
    "url": "https://github.com/ziranlang/ziran.git"
  }
}
